// !$*UTF8*$!
{
	archiveVersion = 1;
	classes = {
	};
	objectVersion = 46;
	objects = {

/* Begin PBXBuildFile section */
		453D5592E5DB9BB436BAAA56 /* Pods_Smack.framework in Frameworks */ = {isa = PBXBuildFile; fileRef = F103509F750D3DB7454C848F /* Pods_Smack.framework */; };
		D20269311F46608400942AF5 /* GradientView.swift in Sources */ = {isa = PBXBuildFile; fileRef = D20269301F46608400942AF5 /* GradientView.swift */; };
		D20269341F46697400942AF5 /* Constants.swift in Sources */ = {isa = PBXBuildFile; fileRef = D20269331F46697400942AF5 /* Constants.swift */; };
		D20269361F466E8400942AF5 /* LoginVC.swift in Sources */ = {isa = PBXBuildFile; fileRef = D20269351F466E8400942AF5 /* LoginVC.swift */; };
		D25A2AC11F47136D00FC15C4 /* AuthService.swift in Sources */ = {isa = PBXBuildFile; fileRef = D25A2AC01F47136D00FC15C4 /* AuthService.swift */; };
		D25A2AC31F47381E00FC15C4 /* UserDataService.swift in Sources */ = {isa = PBXBuildFile; fileRef = D25A2AC21F47381E00FC15C4 /* UserDataService.swift */; };
		D269406E1F492F0B0042E2C1 /* CreateChannelVC.swift in Sources */ = {isa = PBXBuildFile; fileRef = D269406C1F492F0B0042E2C1 /* CreateChannelVC.swift */; };
		D269406F1F492F0B0042E2C1 /* CreateChannelVC.xib in Resources */ = {isa = PBXBuildFile; fileRef = D269406D1F492F0B0042E2C1 /* CreateChannelVC.xib */; };
		D26940711F4936520042E2C1 /* ChannelService.swift in Sources */ = {isa = PBXBuildFile; fileRef = D26940701F4936520042E2C1 /* ChannelService.swift */; };
		D26940731F493AA80042E2C1 /* ChannelCell.swift in Sources */ = {isa = PBXBuildFile; fileRef = D26940721F493AA80042E2C1 /* ChannelCell.swift */; };
		D26940751F4977080042E2C1 /* MessageCell.swift in Sources */ = {isa = PBXBuildFile; fileRef = D26940741F4977080042E2C1 /* MessageCell.swift */; };
		D26940771F497EE80042E2C1 /* Message.swift in Sources */ = {isa = PBXBuildFile; fileRef = D26940761F497EE80042E2C1 /* Message.swift */; };
		D2BC3A461F47C4EC0011772F /* ChooseAvatarVC.swift in Sources */ = {isa = PBXBuildFile; fileRef = D2BC3A451F47C4EC0011772F /* ChooseAvatarVC.swift */; };
		D2BC3A491F4817E20011772F /* ProfileVC.swift in Sources */ = {isa = PBXBuildFile; fileRef = D2BC3A471F4817E20011772F /* ProfileVC.swift */; };
		D2BC3A4A1F4817E20011772F /* ProfileVC.xib in Resources */ = {isa = PBXBuildFile; fileRef = D2BC3A481F4817E20011772F /* ProfileVC.xib */; };
		D2BC3A4D1F481F840011772F /* User.swift in Sources */ = {isa = PBXBuildFile; fileRef = D2BC3A4C1F481F840011772F /* User.swift */; };
		D2CE88731F46E24B000925A1 /* CreateAccountVC.swift in Sources */ = {isa = PBXBuildFile; fileRef = D2CE88721F46E24B000925A1 /* CreateAccountVC.swift */; };
		D2D0FD1F1F45EB83005FA25E /* ChatVC.swift in Sources */ = {isa = PBXBuildFile; fileRef = D2D0FD1E1F45EB83005FA25E /* ChatVC.swift */; };
		D2D0FD211F45EB8D005FA25E /* ChannelVC.swift in Sources */ = {isa = PBXBuildFile; fileRef = D2D0FD201F45EB8D005FA25E /* ChannelVC.swift */; };
		D2ED8AAC1F45E99900E9760A /* AppDelegate.swift in Sources */ = {isa = PBXBuildFile; fileRef = D2ED8AAB1F45E99900E9760A /* AppDelegate.swift */; };
		D2ED8AB11F45E99900E9760A /* Main.storyboard in Resources */ = {isa = PBXBuildFile; fileRef = D2ED8AAF1F45E99900E9760A /* Main.storyboard */; };
		D2ED8AB31F45E99900E9760A /* Assets.xcassets in Resources */ = {isa = PBXBuildFile; fileRef = D2ED8AB21F45E99900E9760A /* Assets.xcassets */; };
		D2ED8AB61F45E99900E9760A /* LaunchScreen.storyboard in Resources */ = {isa = PBXBuildFile; fileRef = D2ED8AB41F45E99900E9760A /* LaunchScreen.storyboard */; };
		D2ED8AC11F45E9B300E9760A /* SWRevealViewController.m in Sources */ = {isa = PBXBuildFile; fileRef = D2ED8AC01F45E9B300E9760A /* SWRevealViewController.m */; };
/* End PBXBuildFile section */

/* Begin PBXFileReference section */
		96DBF92D5A1A8E9F12574A81 /* Pods-Smack.release.xcconfig */ = {isa = PBXFileReference; includeInIndex = 1; lastKnownFileType = text.xcconfig; name = "Pods-Smack.release.xcconfig"; path = "Pods/Target Support Files/Pods-Smack/Pods-Smack.release.xcconfig"; sourceTree = "<group>"; };
		B500AC6B23AB6BC0AEFBBFBF /* Pods-Smack.debug.xcconfig */ = {isa = PBXFileReference; includeInIndex = 1; lastKnownFileType = text.xcconfig; name = "Pods-Smack.debug.xcconfig"; path = "Pods/Target Support Files/Pods-Smack/Pods-Smack.debug.xcconfig"; sourceTree = "<group>"; };
		D20269301F46608400942AF5 /* GradientView.swift */ = {isa = PBXFileReference; fileEncoding = 4; lastKnownFileType = sourcecode.swift; path = GradientView.swift; sourceTree = "<group>"; };
		D20269331F46697400942AF5 /* Constants.swift */ = {isa = PBXFileReference; fileEncoding = 4; lastKnownFileType = sourcecode.swift; path = Constants.swift; sourceTree = "<group>"; };
		D20269351F466E8400942AF5 /* LoginVC.swift */ = {isa = PBXFileReference; fileEncoding = 4; lastKnownFileType = sourcecode.swift; path = LoginVC.swift; sourceTree = "<group>"; };
		D25A2AC01F47136D00FC15C4 /* AuthService.swift */ = {isa = PBXFileReference; fileEncoding = 4; lastKnownFileType = sourcecode.swift; path = AuthService.swift; sourceTree = "<group>"; };
		D25A2AC21F47381E00FC15C4 /* UserDataService.swift */ = {isa = PBXFileReference; fileEncoding = 4; lastKnownFileType = sourcecode.swift; path = UserDataService.swift; sourceTree = "<group>"; };
		D269406C1F492F0B0042E2C1 /* CreateChannelVC.swift */ = {isa = PBXFileReference; fileEncoding = 4; lastKnownFileType = sourcecode.swift; path = CreateChannelVC.swift; sourceTree = "<group>"; };
		D269406D1F492F0B0042E2C1 /* CreateChannelVC.xib */ = {isa = PBXFileReference; fileEncoding = 4; lastKnownFileType = file.xib; path = CreateChannelVC.xib; sourceTree = "<group>"; };
		D26940701F4936520042E2C1 /* ChannelService.swift */ = {isa = PBXFileReference; fileEncoding = 4; lastKnownFileType = sourcecode.swift; path = ChannelService.swift; sourceTree = "<group>"; };
		D26940721F493AA80042E2C1 /* ChannelCell.swift */ = {isa = PBXFileReference; fileEncoding = 4; lastKnownFileType = sourcecode.swift; path = ChannelCell.swift; sourceTree = "<group>"; };
		D26940741F4977080042E2C1 /* MessageCell.swift */ = {isa = PBXFileReference; fileEncoding = 4; lastKnownFileType = sourcecode.swift; path = MessageCell.swift; sourceTree = "<group>"; };
		D26940761F497EE80042E2C1 /* Message.swift */ = {isa = PBXFileReference; fileEncoding = 4; lastKnownFileType = sourcecode.swift; path = Message.swift; sourceTree = "<group>"; };
		D2BC3A451F47C4EC0011772F /* ChooseAvatarVC.swift */ = {isa = PBXFileReference; fileEncoding = 4; lastKnownFileType = sourcecode.swift; path = ChooseAvatarVC.swift; sourceTree = "<group>"; };
		D2BC3A471F4817E20011772F /* ProfileVC.swift */ = {isa = PBXFileReference; fileEncoding = 4; lastKnownFileType = sourcecode.swift; path = ProfileVC.swift; sourceTree = "<group>"; };
		D2BC3A481F4817E20011772F /* ProfileVC.xib */ = {isa = PBXFileReference; fileEncoding = 4; lastKnownFileType = file.xib; path = ProfileVC.xib; sourceTree = "<group>"; };
		D2BC3A4C1F481F840011772F /* User.swift */ = {isa = PBXFileReference; fileEncoding = 4; lastKnownFileType = sourcecode.swift; path = User.swift; sourceTree = "<group>"; };
		D2CE88721F46E24B000925A1 /* CreateAccountVC.swift */ = {isa = PBXFileReference; fileEncoding = 4; lastKnownFileType = sourcecode.swift; path = CreateAccountVC.swift; sourceTree = "<group>"; };
		D2D0FD1E1F45EB83005FA25E /* ChatVC.swift */ = {isa = PBXFileReference; fileEncoding = 4; lastKnownFileType = sourcecode.swift; path = ChatVC.swift; sourceTree = "<group>"; };
		D2D0FD201F45EB8D005FA25E /* ChannelVC.swift */ = {isa = PBXFileReference; fileEncoding = 4; lastKnownFileType = sourcecode.swift; path = ChannelVC.swift; sourceTree = "<group>"; };
		D2ED8AA81F45E99900E9760A /* Smack.app */ = {isa = PBXFileReference; explicitFileType = wrapper.application; includeInIndex = 0; path = Smack.app; sourceTree = BUILT_PRODUCTS_DIR; };
		D2ED8AAB1F45E99900E9760A /* AppDelegate.swift */ = {isa = PBXFileReference; lastKnownFileType = sourcecode.swift; path = AppDelegate.swift; sourceTree = "<group>"; };
		D2ED8AB01F45E99900E9760A /* Base */ = {isa = PBXFileReference; lastKnownFileType = file.storyboard; name = Base; path = Base.lproj/Main.storyboard; sourceTree = "<group>"; };
		D2ED8AB21F45E99900E9760A /* Assets.xcassets */ = {isa = PBXFileReference; lastKnownFileType = folder.assetcatalog; path = Assets.xcassets; sourceTree = "<group>"; };
		D2ED8AB51F45E99900E9760A /* Base */ = {isa = PBXFileReference; lastKnownFileType = file.storyboard; name = Base; path = Base.lproj/LaunchScreen.storyboard; sourceTree = "<group>"; };
		D2ED8AB71F45E99900E9760A /* Info.plist */ = {isa = PBXFileReference; lastKnownFileType = text.plist.xml; path = Info.plist; sourceTree = "<group>"; };
		D2ED8ABE1F45E9B300E9760A /* Smack-Bridging-Header.h */ = {isa = PBXFileReference; lastKnownFileType = sourcecode.c.h; path = "Smack-Bridging-Header.h"; sourceTree = "<group>"; };
		D2ED8ABF1F45E9B300E9760A /* SWRevealViewController.h */ = {isa = PBXFileReference; fileEncoding = 4; lastKnownFileType = sourcecode.c.h; path = SWRevealViewController.h; sourceTree = "<group>"; };
		D2ED8AC01F45E9B300E9760A /* SWRevealViewController.m */ = {isa = PBXFileReference; fileEncoding = 4; lastKnownFileType = sourcecode.c.objc; path = SWRevealViewController.m; sourceTree = "<group>"; };
		F103509F750D3DB7454C848F /* Pods_Smack.framework */ = {isa = PBXFileReference; explicitFileType = wrapper.framework; includeInIndex = 0; path = Pods_Smack.framework; sourceTree = BUILT_PRODUCTS_DIR; };
/* End PBXFileReference section */

/* Begin PBXFrameworksBuildPhase section */
		D2ED8AA51F45E99900E9760A /* Frameworks */ = {
			isa = PBXFrameworksBuildPhase;
			buildActionMask = 2147483647;
			files = (
				453D5592E5DB9BB436BAAA56 /* Pods_Smack.framework in Frameworks */,
			);
			runOnlyForDeploymentPostprocessing = 0;
		};
/* End PBXFrameworksBuildPhase section */

/* Begin PBXGroup section */
		7780D832FD55176ED1E53512 /* Pods */ = {
			isa = PBXGroup;
			children = (
				B500AC6B23AB6BC0AEFBBFBF /* Pods-Smack.debug.xcconfig */,
				96DBF92D5A1A8E9F12574A81 /* Pods-Smack.release.xcconfig */,
			);
			name = Pods;
			sourceTree = "<group>";
		};
		8949CBFD2EE7B7FA2FF04A88 /* Frameworks */ = {
			isa = PBXGroup;
			children = (
				F103509F750D3DB7454C848F /* Pods_Smack.framework */,
			);
			name = Frameworks;
			sourceTree = "<group>";
		};
		D202692F1F46606D00942AF5 /* Views */ = {
			isa = PBXGroup;
			children = (
				D20269301F46608400942AF5 /* GradientView.swift */,
				D26940721F493AA80042E2C1 /* ChannelCell.swift */,
				D26940741F4977080042E2C1 /* MessageCell.swift */,
			);
			name = Views;
			sourceTree = "<group>";
		};
		D20269321F46695C00942AF5 /* Utils */ = {
			isa = PBXGroup;
			children = (
				D20269331F46697400942AF5 /* Constants.swift */,
			);
			name = Utils;
			sourceTree = "<group>";
		};
		D25A2ABF1F47135F00FC15C4 /* Services */ = {
			isa = PBXGroup;
			children = (
				D25A2AC01F47136D00FC15C4 /* AuthService.swift */,
				D25A2AC21F47381E00FC15C4 /* UserDataService.swift */,
				D2BC3A4C1F481F840011772F /* User.swift */,
				D26940701F4936520042E2C1 /* ChannelService.swift */,
				D26940761F497EE80042E2C1 /* Message.swift */,
			);
			name = Services;
			sourceTree = "<group>";
		};
		D2BC3A4B1F4817E50011772F /* XIBs */ = {
			isa = PBXGroup;
			children = (
				D269406D1F492F0B0042E2C1 /* CreateChannelVC.xib */,
				D2BC3A481F4817E20011772F /* ProfileVC.xib */,
			);
			name = XIBs;
			sourceTree = "<group>";
		};
		D2D0FD1D1F45EB71005FA25E /* Controllers */ = {
			isa = PBXGroup;
			children = (
				D269406C1F492F0B0042E2C1 /* CreateChannelVC.swift */,
				D2D0FD1E1F45EB83005FA25E /* ChatVC.swift */,
				D2D0FD201F45EB8D005FA25E /* ChannelVC.swift */,
				D2BC3A471F4817E20011772F /* ProfileVC.swift */,
				D20269351F466E8400942AF5 /* LoginVC.swift */,
				D2CE88721F46E24B000925A1 /* CreateAccountVC.swift */,
				D2BC3A451F47C4EC0011772F /* ChooseAvatarVC.swift */,
			);
			name = Controllers;
			sourceTree = "<group>";
		};
		D2ED8A9F1F45E99900E9760A = {
			isa = PBXGroup;
			children = (
				D2ED8AAA1F45E99900E9760A /* Smack */,
				D2ED8AA91F45E99900E9760A /* Products */,
				7780D832FD55176ED1E53512 /* Pods */,
				8949CBFD2EE7B7FA2FF04A88 /* Frameworks */,
			);
			sourceTree = "<group>";
		};
		D2ED8AA91F45E99900E9760A /* Products */ = {
			isa = PBXGroup;
			children = (
				D2ED8AA81F45E99900E9760A /* Smack.app */,
			);
			name = Products;
			sourceTree = "<group>";
		};
		D2ED8AAA1F45E99900E9760A /* Smack */ = {
			isa = PBXGroup;
			children = (
				D2BC3A4B1F4817E50011772F /* XIBs */,
				D25A2ABF1F47135F00FC15C4 /* Services */,
				D20269321F46695C00942AF5 /* Utils */,
				D202692F1F46606D00942AF5 /* Views */,
				D2D0FD1D1F45EB71005FA25E /* Controllers */,
				D2ED8ABD1F45E9A000E9760A /* SupportingFiles */,
				D2ED8AAB1F45E99900E9760A /* AppDelegate.swift */,
				D2ED8AAF1F45E99900E9760A /* Main.storyboard */,
				D2ED8AB21F45E99900E9760A /* Assets.xcassets */,
				D2ED8AB41F45E99900E9760A /* LaunchScreen.storyboard */,
				D2ED8AB71F45E99900E9760A /* Info.plist */,
			);
			path = Smack;
			sourceTree = "<group>";
		};
		D2ED8ABD1F45E9A000E9760A /* SupportingFiles */ = {
			isa = PBXGroup;
			children = (
				D2ED8ABF1F45E9B300E9760A /* SWRevealViewController.h */,
				D2ED8AC01F45E9B300E9760A /* SWRevealViewController.m */,
				D2ED8ABE1F45E9B300E9760A /* Smack-Bridging-Header.h */,
			);
			name = SupportingFiles;
			sourceTree = "<group>";
		};
/* End PBXGroup section */

/* Begin PBXNativeTarget section */
		D2ED8AA71F45E99900E9760A /* Smack */ = {
			isa = PBXNativeTarget;
			buildConfigurationList = D2ED8ABA1F45E99900E9760A /* Build configuration list for PBXNativeTarget "Smack" */;
			buildPhases = (
				3B03BD13B4501DD3D0E0C07F /* [CP] Check Pods Manifest.lock */,
				D2ED8AA41F45E99900E9760A /* Sources */,
				D2ED8AA51F45E99900E9760A /* Frameworks */,
				D2ED8AA61F45E99900E9760A /* Resources */,
				AF6678F2811313088A68739F /* [CP] Embed Pods Frameworks */,
				A26657A10E2FF90EE6FC1AC3 /* [CP] Copy Pods Resources */,
			);
			buildRules = (
			);
			dependencies = (
			);
			name = Smack;
			productName = Smack;
			productReference = D2ED8AA81F45E99900E9760A /* Smack.app */;
			productType = "com.apple.product-type.application";
		};
/* End PBXNativeTarget section */

/* Begin PBXProject section */
		D2ED8AA01F45E99900E9760A /* Project object */ = {
			isa = PBXProject;
			attributes = {
				LastSwiftUpdateCheck = 0830;
				LastUpgradeCheck = 0830;
				ORGANIZATIONNAME = Khoa;
				TargetAttributes = {
					D2ED8AA71F45E99900E9760A = {
						CreatedOnToolsVersion = 8.3.2;
						DevelopmentTeam = 95C5AY3VSS;
						LastSwiftMigration = 0830;
						ProvisioningStyle = Automatic;
					};
				};
			};
			buildConfigurationList = D2ED8AA31F45E99900E9760A /* Build configuration list for PBXProject "Smack" */;
			compatibilityVersion = "Xcode 3.2";
			developmentRegion = English;
			hasScannedForEncodings = 0;
			knownRegions = (
				en,
				Base,
			);
			mainGroup = D2ED8A9F1F45E99900E9760A;
			productRefGroup = D2ED8AA91F45E99900E9760A /* Products */;
			projectDirPath = "";
			projectRoot = "";
			targets = (
				D2ED8AA71F45E99900E9760A /* Smack */,
			);
		};
/* End PBXProject section */

/* Begin PBXResourcesBuildPhase section */
		D2ED8AA61F45E99900E9760A /* Resources */ = {
			isa = PBXResourcesBuildPhase;
			buildActionMask = 2147483647;
			files = (
				D2BC3A4A1F4817E20011772F /* ProfileVC.xib in Resources */,
				D2ED8AB61F45E99900E9760A /* LaunchScreen.storyboard in Resources */,
				D269406F1F492F0B0042E2C1 /* CreateChannelVC.xib in Resources */,
				D2ED8AB31F45E99900E9760A /* Assets.xcassets in Resources */,
				D2ED8AB11F45E99900E9760A /* Main.storyboard in Resources */,
			);
			runOnlyForDeploymentPostprocessing = 0;
		};
/* End PBXResourcesBuildPhase section */

/* Begin PBXShellScriptBuildPhase section */
		3B03BD13B4501DD3D0E0C07F /* [CP] Check Pods Manifest.lock */ = {
			isa = PBXShellScriptBuildPhase;
			buildActionMask = 2147483647;
			files = (
			);
			inputPaths = (
			);
			name = "[CP] Check Pods Manifest.lock";
			outputPaths = (
			);
			runOnlyForDeploymentPostprocessing = 0;
			shellPath = /bin/sh;
			shellScript = "diff \"${PODS_ROOT}/../Podfile.lock\" \"${PODS_ROOT}/Manifest.lock\" > /dev/null\nif [ $? != 0 ] ; then\n    # print error to STDERR\n    echo \"error: The sandbox is not in sync with the Podfile.lock. Run 'pod install' or update your CocoaPods installation.\" >&2\n    exit 1\nfi\n";
			showEnvVarsInLog = 0;
		};
		A26657A10E2FF90EE6FC1AC3 /* [CP] Copy Pods Resources */ = {
			isa = PBXShellScriptBuildPhase;
			buildActionMask = 2147483647;
			files = (
			);
			inputPaths = (
			);
			name = "[CP] Copy Pods Resources";
			outputPaths = (
			);
			runOnlyForDeploymentPostprocessing = 0;
			shellPath = /bin/sh;
			shellScript = "\"${SRCROOT}/Pods/Target Support Files/Pods-Smack/Pods-Smack-resources.sh\"\n";
			showEnvVarsInLog = 0;
		};
		AF6678F2811313088A68739F /* [CP] Embed Pods Frameworks */ = {
			isa = PBXShellScriptBuildPhase;
			buildActionMask = 2147483647;
			files = (
			);
			inputPaths = (
			);
			name = "[CP] Embed Pods Frameworks";
			outputPaths = (
			);
			runOnlyForDeploymentPostprocessing = 0;
			shellPath = /bin/sh;
			shellScript = "\"${SRCROOT}/Pods/Target Support Files/Pods-Smack/Pods-Smack-frameworks.sh\"\n";
			showEnvVarsInLog = 0;
		};
/* End PBXShellScriptBuildPhase section */

/* Begin PBXSourcesBuildPhase section */
		D2ED8AA41F45E99900E9760A /* Sources */ = {
			isa = PBXSourcesBuildPhase;
			buildActionMask = 2147483647;
			files = (
				D2BC3A4D1F481F840011772F /* User.swift in Sources */,
				D2BC3A491F4817E20011772F /* ProfileVC.swift in Sources */,
				D2D0FD211F45EB8D005FA25E /* ChannelVC.swift in Sources */,
				D26940771F497EE80042E2C1 /* Message.swift in Sources */,
				D2D0FD1F1F45EB83005FA25E /* ChatVC.swift in Sources */,
				D2CE88731F46E24B000925A1 /* CreateAccountVC.swift in Sources */,
				D26940731F493AA80042E2C1 /* ChannelCell.swift in Sources */,
				D25A2AC11F47136D00FC15C4 /* AuthService.swift in Sources */,
				D20269361F466E8400942AF5 /* LoginVC.swift in Sources */,
				D20269311F46608400942AF5 /* GradientView.swift in Sources */,
				D269406E1F492F0B0042E2C1 /* CreateChannelVC.swift in Sources */,
				D26940711F4936520042E2C1 /* ChannelService.swift in Sources */,
				D2BC3A461F47C4EC0011772F /* ChooseAvatarVC.swift in Sources */,
				D25A2AC31F47381E00FC15C4 /* UserDataService.swift in Sources */,
				D26940751F4977080042E2C1 /* MessageCell.swift in Sources */,
				D2ED8AAC1F45E99900E9760A /* AppDelegate.swift in Sources */,
				D2ED8AC11F45E9B300E9760A /* SWRevealViewController.m in Sources */,
				D20269341F46697400942AF5 /* Constants.swift in Sources */,
			);
			runOnlyForDeploymentPostprocessing = 0;
		};
/* End PBXSourcesBuildPhase section */

/* Begin PBXVariantGroup section */
		D2ED8AAF1F45E99900E9760A /* Main.storyboard */ = {
			isa = PBXVariantGroup;
			children = (
				D2ED8AB01F45E99900E9760A /* Base */,
			);
			name = Main.storyboard;
			sourceTree = "<group>";
		};
		D2ED8AB41F45E99900E9760A /* LaunchScreen.storyboard */ = {
			isa = PBXVariantGroup;
			children = (
				D2ED8AB51F45E99900E9760A /* Base */,
			);
			name = LaunchScreen.storyboard;
			sourceTree = "<group>";
		};
/* End PBXVariantGroup section */

/* Begin XCBuildConfiguration section */
		D2ED8AB81F45E99900E9760A /* Debug */ = {
			isa = XCBuildConfiguration;
			buildSettings = {
				ALWAYS_SEARCH_USER_PATHS = NO;
				CLANG_ANALYZER_NONNULL = YES;
				CLANG_ANALYZER_NUMBER_OBJECT_CONVERSION = YES_AGGRESSIVE;
				CLANG_CXX_LANGUAGE_STANDARD = "gnu++0x";
				CLANG_CXX_LIBRARY = "libc++";
				CLANG_ENABLE_MODULES = YES;
				CLANG_ENABLE_OBJC_ARC = YES;
				CLANG_WARN_BOOL_CONVERSION = YES;
				CLANG_WARN_CONSTANT_CONVERSION = YES;
				CLANG_WARN_DIRECT_OBJC_ISA_USAGE = YES_ERROR;
				CLANG_WARN_DOCUMENTATION_COMMENTS = YES;
				CLANG_WARN_EMPTY_BODY = YES;
				CLANG_WARN_ENUM_CONVERSION = YES;
				CLANG_WARN_INFINITE_RECURSION = YES;
				CLANG_WARN_INT_CONVERSION = YES;
				CLANG_WARN_OBJC_ROOT_CLASS = YES_ERROR;
				CLANG_WARN_SUSPICIOUS_MOVE = YES;
				CLANG_WARN_UNREACHABLE_CODE = YES;
				CLANG_WARN__DUPLICATE_METHOD_MATCH = YES;
				"CODE_SIGN_IDENTITY[sdk=iphoneos*]" = "iPhone Developer";
				COPY_PHASE_STRIP = NO;
				DEBUG_INFORMATION_FORMAT = dwarf;
				ENABLE_STRICT_OBJC_MSGSEND = YES;
				ENABLE_TESTABILITY = YES;
				GCC_C_LANGUAGE_STANDARD = gnu99;
				GCC_DYNAMIC_NO_PIC = NO;
				GCC_NO_COMMON_BLOCKS = YES;
				GCC_OPTIMIZATION_LEVEL = 0;
				GCC_PREPROCESSOR_DEFINITIONS = (
					"DEBUG=1",
					"$(inherited)",
				);
				GCC_WARN_64_TO_32_BIT_CONVERSION = YES;
				GCC_WARN_ABOUT_RETURN_TYPE = YES_ERROR;
				GCC_WARN_UNDECLARED_SELECTOR = YES;
				GCC_WARN_UNINITIALIZED_AUTOS = YES_AGGRESSIVE;
				GCC_WARN_UNUSED_FUNCTION = YES;
				GCC_WARN_UNUSED_VARIABLE = YES;
				IPHONEOS_DEPLOYMENT_TARGET = 9.3;
				MTL_ENABLE_DEBUG_INFO = YES;
				ONLY_ACTIVE_ARCH = YES;
				SDKROOT = iphoneos;
				SWIFT_ACTIVE_COMPILATION_CONDITIONS = DEBUG;
				SWIFT_OPTIMIZATION_LEVEL = "-Onone";
				TARGETED_DEVICE_FAMILY = "1,2";
			};
			name = Debug;
		};
		D2ED8AB91F45E99900E9760A /* Release */ = {
			isa = XCBuildConfiguration;
			buildSettings = {
				ALWAYS_SEARCH_USER_PATHS = NO;
				CLANG_ANALYZER_NONNULL = YES;
				CLANG_ANALYZER_NUMBER_OBJECT_CONVERSION = YES_AGGRESSIVE;
				CLANG_CXX_LANGUAGE_STANDARD = "gnu++0x";
				CLANG_CXX_LIBRARY = "libc++";
				CLANG_ENABLE_MODULES = YES;
				CLANG_ENABLE_OBJC_ARC = YES;
				CLANG_WARN_BOOL_CONVERSION = YES;
				CLANG_WARN_CONSTANT_CONVERSION = YES;
				CLANG_WARN_DIRECT_OBJC_ISA_USAGE = YES_ERROR;
				CLANG_WARN_DOCUMENTATION_COMMENTS = YES;
				CLANG_WARN_EMPTY_BODY = YES;
				CLANG_WARN_ENUM_CONVERSION = YES;
				CLANG_WARN_INFINITE_RECURSION = YES;
				CLANG_WARN_INT_CONVERSION = YES;
				CLANG_WARN_OBJC_ROOT_CLASS = YES_ERROR;
				CLANG_WARN_SUSPICIOUS_MOVE = YES;
				CLANG_WARN_UNREACHABLE_CODE = YES;
				CLANG_WARN__DUPLICATE_METHOD_MATCH = YES;
				"CODE_SIGN_IDENTITY[sdk=iphoneos*]" = "iPhone Developer";
				COPY_PHASE_STRIP = NO;
				DEBUG_INFORMATION_FORMAT = "dwarf-with-dsym";
				ENABLE_NS_ASSERTIONS = NO;
				ENABLE_STRICT_OBJC_MSGSEND = YES;
				GCC_C_LANGUAGE_STANDARD = gnu99;
				GCC_NO_COMMON_BLOCKS = YES;
				GCC_WARN_64_TO_32_BIT_CONVERSION = YES;
				GCC_WARN_ABOUT_RETURN_TYPE = YES_ERROR;
				GCC_WARN_UNDECLARED_SELECTOR = YES;
				GCC_WARN_UNINITIALIZED_AUTOS = YES_AGGRESSIVE;
				GCC_WARN_UNUSED_FUNCTION = YES;
				GCC_WARN_UNUSED_VARIABLE = YES;
				IPHONEOS_DEPLOYMENT_TARGET = 9.3;
				MTL_ENABLE_DEBUG_INFO = NO;
				SDKROOT = iphoneos;
				SWIFT_OPTIMIZATION_LEVEL = "-Owholemodule";
				TARGETED_DEVICE_FAMILY = "1,2";
				VALIDATE_PRODUCT = YES;
			};
			name = Release;
		};
		D2ED8ABB1F45E99900E9760A /* Debug */ = {
			isa = XCBuildConfiguration;
			baseConfigurationReference = B500AC6B23AB6BC0AEFBBFBF /* Pods-Smack.debug.xcconfig */;
			buildSettings = {
				ASSETCATALOG_COMPILER_APPICON_NAME = AppIcon;
				CLANG_ENABLE_MODULES = YES;
				DEVELOPMENT_TEAM = 95C5AY3VSS;
				INFOPLIST_FILE = Smack/Info.plist;
				IPHONEOS_DEPLOYMENT_TARGET = 9.3;
				LD_RUNPATH_SEARCH_PATHS = "$(inherited) @executable_path/Frameworks";
				PRODUCT_BUNDLE_IDENTIFIER = com.khoa.Smack;
				PRODUCT_NAME = "$(TARGET_NAME)";
				SWIFT_OBJC_BRIDGING_HEADER = "Smack/Smack-Bridging-Header.h";
				SWIFT_OPTIMIZATION_LEVEL = "-Onone";
				SWIFT_VERSION = 3.0;
				TARGETED_DEVICE_FAMILY = 1;
			};
			name = Debug;
		};
		D2ED8ABC1F45E99900E9760A /* Release */ = {
			isa = XCBuildConfiguration;
			baseConfigurationReference = 96DBF92D5A1A8E9F12574A81 /* Pods-Smack.release.xcconfig */;
			buildSettings = {
				ASSETCATALOG_COMPILER_APPICON_NAME = AppIcon;
				CLANG_ENABLE_MODULES = YES;
				DEVELOPMENT_TEAM = 95C5AY3VSS;
				INFOPLIST_FILE = Smack/Info.plist;
				IPHONEOS_DEPLOYMENT_TARGET = 9.3;
				LD_RUNPATH_SEARCH_PATHS = "$(inherited) @executable_path/Frameworks";
				PRODUCT_BUNDLE_IDENTIFIER = com.khoa.Smack;
				PRODUCT_NAME = "$(TARGET_NAME)";
				SWIFT_OBJC_BRIDGING_HEADER = "Smack/Smack-Bridging-Header.h";
				SWIFT_VERSION = 3.0;
				TARGETED_DEVICE_FAMILY = 1;
			};
			name = Release;
		};
/* End XCBuildConfiguration section */

/* Begin XCConfigurationList section */
		D2ED8AA31F45E99900E9760A /* Build configuration list for PBXProject "Smack" */ = {
			isa = XCConfigurationList;
			buildConfigurations = (
				D2ED8AB81F45E99900E9760A /* Debug */,
				D2ED8AB91F45E99900E9760A /* Release */,
			);
			defaultConfigurationIsVisible = 0;
			defaultConfigurationName = Release;
		};
		D2ED8ABA1F45E99900E9760A /* Build configuration list for PBXNativeTarget "Smack" */ = {
			isa = XCConfigurationList;
			buildConfigurations = (
				D2ED8ABB1F45E99900E9760A /* Debug */,
				D2ED8ABC1F45E99900E9760A /* Release */,
			);
			defaultConfigurationIsVisible = 0;
			defaultConfigurationName = Release;
		};
/* End XCConfigurationList section */
	};
	rootObject = D2ED8AA01F45E99900E9760A /* Project object */;
}
